// !$*UTF8*$!
{
	archiveVersion = 1;
	classes = {
	};
	objectVersion = 56;
	objects = {

/* Begin PBXBuildFile section */
		63A176372BC1F174008E54D7 /* AppFlow in Frameworks */ = {isa = PBXBuildFile; productRef = 63A176362BC1F174008E54D7 /* AppFlow */; };
		63A176392BC1F174008E54D7 /* CoreUI in Frameworks */ = {isa = PBXBuildFile; productRef = 63A176382BC1F174008E54D7 /* CoreUI */; };
		63A1763B2BC1F174008E54D7 /* DatabaseBox in Frameworks */ = {isa = PBXBuildFile; productRef = 63A1763A2BC1F174008E54D7 /* DatabaseBox */; };
		63A1763D2BC1F174008E54D7 /* DatabaseBoxAPI in Frameworks */ = {isa = PBXBuildFile; productRef = 63A1763C2BC1F174008E54D7 /* DatabaseBoxAPI */; };
		63A1763F2BC1F174008E54D7 /* HomeFlow in Frameworks */ = {isa = PBXBuildFile; productRef = 63A1763E2BC1F174008E54D7 /* HomeFlow */; };
		63A176412BC1F174008E54D7 /* HomeFlowData in Frameworks */ = {isa = PBXBuildFile; productRef = 63A176402BC1F174008E54D7 /* HomeFlowData */; };
		63A176432BC1F174008E54D7 /* HomeFlowDataAPI in Frameworks */ = {isa = PBXBuildFile; productRef = 63A176422BC1F174008E54D7 /* HomeFlowDataAPI */; };
		63A176452BC1F174008E54D7 /* NetworkBox in Frameworks */ = {isa = PBXBuildFile; productRef = 63A176442BC1F174008E54D7 /* NetworkBox */; };
		63A176472BC1F174008E54D7 /* NetworkBoxAPI in Frameworks */ = {isa = PBXBuildFile; productRef = 63A176462BC1F174008E54D7 /* NetworkBoxAPI */; };
		63A176492BC1F174008E54D7 /* SurveyFlow in Frameworks */ = {isa = PBXBuildFile; productRef = 63A176482BC1F174008E54D7 /* SurveyFlow */; };
		63A1764B2BC1F174008E54D7 /* SurveyFlowData in Frameworks */ = {isa = PBXBuildFile; productRef = 63A1764A2BC1F174008E54D7 /* SurveyFlowData */; };
		63A1764D2BC1F175008E54D7 /* SurveyFlowDataAPI in Frameworks */ = {isa = PBXBuildFile; productRef = 63A1764C2BC1F175008E54D7 /* SurveyFlowDataAPI */; };
		63A1764F2BC1F175008E54D7 /* TaskFlow in Frameworks */ = {isa = PBXBuildFile; productRef = 63A1764E2BC1F175008E54D7 /* TaskFlow */; };
		63A176512BC1F175008E54D7 /* TaskFlowData in Frameworks */ = {isa = PBXBuildFile; productRef = 63A176502BC1F175008E54D7 /* TaskFlowData */; };
		63A176532BC1F175008E54D7 /* TaskFlowDataAPI in Frameworks */ = {isa = PBXBuildFile; productRef = 63A176522BC1F175008E54D7 /* TaskFlowDataAPI */; };
		ED49198B2BBCD3B7004F85E6 /* HomeFlowRegistration.swift in Sources */ = {isa = PBXBuildFile; fileRef = ED49198A2BBCD3B7004F85E6 /* HomeFlowRegistration.swift */; };
		ED49198D2BBCD66E004F85E6 /* TaskFlowRegistration.swift in Sources */ = {isa = PBXBuildFile; fileRef = ED49198C2BBCD66E004F85E6 /* TaskFlowRegistration.swift */; };
		ED49198F2BBCD873004F85E6 /* SurveyFlowRegistration.swift in Sources */ = {isa = PBXBuildFile; fileRef = ED49198E2BBCD873004F85E6 /* SurveyFlowRegistration.swift */; };
		ED99AF6A2BBC4CA9002628F2 /* CleanArchitectureExperimentApp.swift in Sources */ = {isa = PBXBuildFile; fileRef = ED99AF692BBC4CA9002628F2 /* CleanArchitectureExperimentApp.swift */; };
		ED99AF6E2BBC4CAB002628F2 /* Assets.xcassets in Resources */ = {isa = PBXBuildFile; fileRef = ED99AF6D2BBC4CAB002628F2 /* Assets.xcassets */; };
		ED99AF712BBC4CAB002628F2 /* Preview Assets.xcassets in Resources */ = {isa = PBXBuildFile; fileRef = ED99AF702BBC4CAB002628F2 /* Preview Assets.xcassets */; };
		ED99AF782BBC4CE5002628F2 /* DependencyContainer.swift in Sources */ = {isa = PBXBuildFile; fileRef = ED99AF772BBC4CE5002628F2 /* DependencyContainer.swift */; };
		EDA0A4382BBD8826008D4D2B /* NetworkBoxRegistration.swift in Sources */ = {isa = PBXBuildFile; fileRef = EDA0A4372BBD8826008D4D2B /* NetworkBoxRegistration.swift */; };
		EDA0A43E2BBD88FB008D4D2B /* DatabaseBoxRegistration.swift in Sources */ = {isa = PBXBuildFile; fileRef = EDA0A43D2BBD88FB008D4D2B /* DatabaseBoxRegistration.swift */; };
/* End PBXBuildFile section */

/* Begin PBXFileReference section */
		ED49198A2BBCD3B7004F85E6 /* HomeFlowRegistration.swift */ = {isa = PBXFileReference; lastKnownFileType = sourcecode.swift; path = HomeFlowRegistration.swift; sourceTree = "<group>"; };
		ED49198C2BBCD66E004F85E6 /* TaskFlowRegistration.swift */ = {isa = PBXFileReference; lastKnownFileType = sourcecode.swift; path = TaskFlowRegistration.swift; sourceTree = "<group>"; };
		ED49198E2BBCD873004F85E6 /* SurveyFlowRegistration.swift */ = {isa = PBXFileReference; lastKnownFileType = sourcecode.swift; path = SurveyFlowRegistration.swift; sourceTree = "<group>"; };
		ED4919902BBD5B84004F85E6 /* CoreUI */ = {isa = PBXFileReference; lastKnownFileType = wrapper; path = CoreUI; sourceTree = "<group>"; };
		ED4EF9BB2BBCCD5D0029E8BF /* HomeFlowDataAPI */ = {isa = PBXFileReference; lastKnownFileType = wrapper; path = HomeFlowDataAPI; sourceTree = "<group>"; };
		ED4EF9BC2BBCCD5D0029E8BF /* SurveyFlowDataAPI */ = {isa = PBXFileReference; lastKnownFileType = wrapper; path = SurveyFlowDataAPI; sourceTree = "<group>"; };
		ED4EF9BD2BBCCD5D0029E8BF /* TaskFlowDataAPI */ = {isa = PBXFileReference; lastKnownFileType = wrapper; path = TaskFlowDataAPI; sourceTree = "<group>"; };
		ED4EF9BF2BBCCD5D0029E8BF /* HomeFlowData */ = {isa = PBXFileReference; lastKnownFileType = wrapper; path = HomeFlowData; sourceTree = "<group>"; };
		ED4EF9C02BBCCD5D0029E8BF /* SurveyFlowData */ = {isa = PBXFileReference; lastKnownFileType = wrapper; path = SurveyFlowData; sourceTree = "<group>"; };
		ED4EF9C12BBCCD5D0029E8BF /* TaskFlowData */ = {isa = PBXFileReference; lastKnownFileType = wrapper; path = TaskFlowData; sourceTree = "<group>"; };
		ED4EF9C42BBCCD5D0029E8BF /* AppFlow */ = {isa = PBXFileReference; lastKnownFileType = wrapper; path = AppFlow; sourceTree = "<group>"; };
		ED4EF9C52BBCCD5D0029E8BF /* HomeFlow */ = {isa = PBXFileReference; lastKnownFileType = wrapper; path = HomeFlow; sourceTree = "<group>"; };
		ED4EF9C62BBCCD5D0029E8BF /* SurveyFlow */ = {isa = PBXFileReference; lastKnownFileType = wrapper; path = SurveyFlow; sourceTree = "<group>"; };
		ED4EF9C72BBCCD5D0029E8BF /* TaskFlow */ = {isa = PBXFileReference; lastKnownFileType = wrapper; path = TaskFlow; sourceTree = "<group>"; };
		ED4EF9D42BBCCD8B0029E8BF /* Info.plist */ = {isa = PBXFileReference; lastKnownFileType = text.plist; path = Info.plist; sourceTree = "<group>"; };
		ED99AF662BBC4CA9002628F2 /* CleanArchitectureExperiment.app */ = {isa = PBXFileReference; explicitFileType = wrapper.application; includeInIndex = 0; path = CleanArchitectureExperiment.app; sourceTree = BUILT_PRODUCTS_DIR; };
		ED99AF692BBC4CA9002628F2 /* CleanArchitectureExperimentApp.swift */ = {isa = PBXFileReference; lastKnownFileType = sourcecode.swift; path = CleanArchitectureExperimentApp.swift; sourceTree = "<group>"; };
		ED99AF6D2BBC4CAB002628F2 /* Assets.xcassets */ = {isa = PBXFileReference; lastKnownFileType = folder.assetcatalog; path = Assets.xcassets; sourceTree = "<group>"; };
		ED99AF702BBC4CAB002628F2 /* Preview Assets.xcassets */ = {isa = PBXFileReference; lastKnownFileType = folder.assetcatalog; path = "Preview Assets.xcassets"; sourceTree = "<group>"; };
		ED99AF772BBC4CE5002628F2 /* DependencyContainer.swift */ = {isa = PBXFileReference; lastKnownFileType = sourcecode.swift; path = DependencyContainer.swift; sourceTree = "<group>"; };
		EDA0A4172BBD7D07008D4D2B /* DatabaseBoxAPI */ = {isa = PBXFileReference; lastKnownFileType = wrapper; path = DatabaseBoxAPI; sourceTree = "<group>"; };
		EDA0A4182BBD7D07008D4D2B /* NetworkBoxAPI */ = {isa = PBXFileReference; lastKnownFileType = wrapper; path = NetworkBoxAPI; sourceTree = "<group>"; };
		EDA0A41A2BBD7D07008D4D2B /* DatabaseBox */ = {isa = PBXFileReference; lastKnownFileType = wrapper; path = DatabaseBox; sourceTree = "<group>"; };
		EDA0A41B2BBD7D07008D4D2B /* NetworkBox */ = {isa = PBXFileReference; lastKnownFileType = wrapper; path = NetworkBox; sourceTree = "<group>"; };
		EDA0A41E2BBD7D07008D4D2B /* HomeFlowDataAPI */ = {isa = PBXFileReference; lastKnownFileType = wrapper; path = HomeFlowDataAPI; sourceTree = "<group>"; };
		EDA0A41F2BBD7D07008D4D2B /* SurveyFlowDataAPI */ = {isa = PBXFileReference; lastKnownFileType = wrapper; path = SurveyFlowDataAPI; sourceTree = "<group>"; };
		EDA0A4202BBD7D07008D4D2B /* TaskFlowDataAPI */ = {isa = PBXFileReference; lastKnownFileType = wrapper; path = TaskFlowDataAPI; sourceTree = "<group>"; };
		EDA0A4222BBD7D07008D4D2B /* HomeFlowData */ = {isa = PBXFileReference; lastKnownFileType = wrapper; path = HomeFlowData; sourceTree = "<group>"; };
		EDA0A4232BBD7D07008D4D2B /* SurveyFlowData */ = {isa = PBXFileReference; lastKnownFileType = wrapper; path = SurveyFlowData; sourceTree = "<group>"; };
		EDA0A4242BBD7D07008D4D2B /* TaskFlowData */ = {isa = PBXFileReference; lastKnownFileType = wrapper; path = TaskFlowData; sourceTree = "<group>"; };
		EDA0A4372BBD8826008D4D2B /* NetworkBoxRegistration.swift */ = {isa = PBXFileReference; lastKnownFileType = sourcecode.swift; path = NetworkBoxRegistration.swift; sourceTree = "<group>"; };
		EDA0A43D2BBD88FB008D4D2B /* DatabaseBoxRegistration.swift */ = {isa = PBXFileReference; lastKnownFileType = sourcecode.swift; path = DatabaseBoxRegistration.swift; sourceTree = "<group>"; };
/* End PBXFileReference section */

/* Begin PBXFrameworksBuildPhase section */
		ED99AF632BBC4CA9002628F2 /* Frameworks */ = {
			isa = PBXFrameworksBuildPhase;
			buildActionMask = 2147483647;
			files = (
				63A176492BC1F174008E54D7 /* SurveyFlow in Frameworks */,
				63A1763F2BC1F174008E54D7 /* HomeFlow in Frameworks */,
				63A176372BC1F174008E54D7 /* AppFlow in Frameworks */,
				63A1764D2BC1F175008E54D7 /* SurveyFlowDataAPI in Frameworks */,
				63A176392BC1F174008E54D7 /* CoreUI in Frameworks */,
				63A176512BC1F175008E54D7 /* TaskFlowData in Frameworks */,
				63A176532BC1F175008E54D7 /* TaskFlowDataAPI in Frameworks */,
				63A176432BC1F174008E54D7 /* HomeFlowDataAPI in Frameworks */,
				63A1764F2BC1F175008E54D7 /* TaskFlow in Frameworks */,
				63A1764B2BC1F174008E54D7 /* SurveyFlowData in Frameworks */,
				63A176412BC1F174008E54D7 /* HomeFlowData in Frameworks */,
				63A176472BC1F174008E54D7 /* NetworkBoxAPI in Frameworks */,
				63A176452BC1F174008E54D7 /* NetworkBox in Frameworks */,
				63A1763D2BC1F174008E54D7 /* DatabaseBoxAPI in Frameworks */,
				63A1763B2BC1F174008E54D7 /* DatabaseBox in Frameworks */,
			);
			runOnlyForDeploymentPostprocessing = 0;
		};
/* End PBXFrameworksBuildPhase section */

/* Begin PBXGroup section */
		ED004AF92BBD7B0200F89E13 /* Flows */ = {
			isa = PBXGroup;
			children = (
				ED4EF9BE2BBCCD5D0029E8BF /* API */,
				ED4EF9C22BBCCD5D0029E8BF /* Implementation */,
			);
			path = Flows;
			sourceTree = "<group>";
		};
		ED004AFA2BBD7B1500F89E13 /* Boxes */ = {
			isa = PBXGroup;
			children = (
				EDA0A41D2BBD7D07008D4D2B /* Boxes */,
				EDA0A4262BBD7D07008D4D2B /* Flows */,
			);
			path = Boxes;
			sourceTree = "<group>";
		};
		ED4919882BBCD39C004F85E6 /* DependencyContainer */ = {
			isa = PBXGroup;
			children = (
				EDA0A4352BBD87FE008D4D2B /* Data */,
				ED4919892BBCD3B0004F85E6 /* Presentation */,
			);
			path = DependencyContainer;
			sourceTree = "<group>";
		};
		ED4919892BBCD3B0004F85E6 /* Presentation */ = {
			isa = PBXGroup;
			children = (
				ED49198A2BBCD3B7004F85E6 /* HomeFlowRegistration.swift */,
				ED49198C2BBCD66E004F85E6 /* TaskFlowRegistration.swift */,
				ED49198E2BBCD873004F85E6 /* SurveyFlowRegistration.swift */,
			);
			path = Presentation;
			sourceTree = "<group>";
		};
		ED4919912BBD5C14004F85E6 /* Shared */ = {
			isa = PBXGroup;
			children = (
				ED4919902BBD5B84004F85E6 /* CoreUI */,
			);
			path = Shared;
			sourceTree = "<group>";
		};
		ED4919922BBD5C1B004F85E6 /* Flows */ = {
			isa = PBXGroup;
			children = (
				ED4EF9C42BBCCD5D0029E8BF /* AppFlow */,
				ED4EF9C52BBCCD5D0029E8BF /* HomeFlow */,
				ED4EF9C62BBCCD5D0029E8BF /* SurveyFlow */,
				ED4EF9C72BBCCD5D0029E8BF /* TaskFlow */,
			);
			path = Flows;
			sourceTree = "<group>";
		};
		ED4EF9BE2BBCCD5D0029E8BF /* API */ = {
			isa = PBXGroup;
			children = (
				ED4EF9BB2BBCCD5D0029E8BF /* HomeFlowDataAPI */,
				ED4EF9BC2BBCCD5D0029E8BF /* SurveyFlowDataAPI */,
				ED4EF9BD2BBCCD5D0029E8BF /* TaskFlowDataAPI */,
			);
			path = API;
			sourceTree = "<group>";
		};
		ED4EF9C22BBCCD5D0029E8BF /* Implementation */ = {
			isa = PBXGroup;
			children = (
				ED4EF9BF2BBCCD5D0029E8BF /* HomeFlowData */,
				ED4EF9C02BBCCD5D0029E8BF /* SurveyFlowData */,
				ED4EF9C12BBCCD5D0029E8BF /* TaskFlowData */,
			);
			path = Implementation;
			sourceTree = "<group>";
		};
		ED4EF9C32BBCCD5D0029E8BF /* Data */ = {
			isa = PBXGroup;
			children = (
				ED004AFA2BBD7B1500F89E13 /* Boxes */,
				ED004AF92BBD7B0200F89E13 /* Flows */,
			);
			path = Data;
			sourceTree = "<group>";
		};
		ED4EF9C82BBCCD5D0029E8BF /* Presentation */ = {
			isa = PBXGroup;
			children = (
				ED4919922BBD5C1B004F85E6 /* Flows */,
				ED4919912BBD5C14004F85E6 /* Shared */,
			);
			path = Presentation;
			sourceTree = "<group>";
		};
		ED4EF9C92BBCCD5D0029E8BF /* Packages */ = {
			isa = PBXGroup;
			children = (
				ED4EF9C32BBCCD5D0029E8BF /* Data */,
				ED4EF9C82BBCCD5D0029E8BF /* Presentation */,
			);
			path = Packages;
			sourceTree = "<group>";
		};
		ED99AF5D2BBC4CA9002628F2 = {
			isa = PBXGroup;
			children = (
				ED4EF9C92BBCCD5D0029E8BF /* Packages */,
				ED99AF682BBC4CA9002628F2 /* CleanArchitectureExperiment */,
				ED99AF672BBC4CA9002628F2 /* Products */,
				ED99AF7B2BBC4F8A002628F2 /* Frameworks */,
			);
			sourceTree = "<group>";
		};
		ED99AF672BBC4CA9002628F2 /* Products */ = {
			isa = PBXGroup;
			children = (
				ED99AF662BBC4CA9002628F2 /* CleanArchitectureExperiment.app */,
			);
			name = Products;
			sourceTree = "<group>";
		};
		ED99AF682BBC4CA9002628F2 /* CleanArchitectureExperiment */ = {
			isa = PBXGroup;
			children = (
				ED4919882BBCD39C004F85E6 /* DependencyContainer */,
				ED4EF9D42BBCCD8B0029E8BF /* Info.plist */,
				ED99AF692BBC4CA9002628F2 /* CleanArchitectureExperimentApp.swift */,
				ED99AF772BBC4CE5002628F2 /* DependencyContainer.swift */,
				ED99AF6D2BBC4CAB002628F2 /* Assets.xcassets */,
				ED99AF6F2BBC4CAB002628F2 /* Preview Content */,
			);
			path = CleanArchitectureExperiment;
			sourceTree = "<group>";
		};
		ED99AF6F2BBC4CAB002628F2 /* Preview Content */ = {
			isa = PBXGroup;
			children = (
				ED99AF702BBC4CAB002628F2 /* Preview Assets.xcassets */,
			);
			path = "Preview Content";
			sourceTree = "<group>";
		};
		ED99AF7B2BBC4F8A002628F2 /* Frameworks */ = {
			isa = PBXGroup;
			children = (
			);
			name = Frameworks;
			sourceTree = "<group>";
		};
		EDA0A4192BBD7D07008D4D2B /* API */ = {
			isa = PBXGroup;
			children = (
				EDA0A4172BBD7D07008D4D2B /* DatabaseBoxAPI */,
				EDA0A4182BBD7D07008D4D2B /* NetworkBoxAPI */,
			);
			path = API;
			sourceTree = "<group>";
		};
		EDA0A41C2BBD7D07008D4D2B /* Implementation */ = {
			isa = PBXGroup;
			children = (
				EDA0A41A2BBD7D07008D4D2B /* DatabaseBox */,
				EDA0A41B2BBD7D07008D4D2B /* NetworkBox */,
			);
			path = Implementation;
			sourceTree = "<group>";
		};
		EDA0A41D2BBD7D07008D4D2B /* Boxes */ = {
			isa = PBXGroup;
			children = (
				EDA0A4192BBD7D07008D4D2B /* API */,
				EDA0A41C2BBD7D07008D4D2B /* Implementation */,
			);
			name = Boxes;
			sourceTree = "<group>";
		};
		EDA0A4212BBD7D07008D4D2B /* API */ = {
			isa = PBXGroup;
			children = (
				EDA0A41E2BBD7D07008D4D2B /* HomeFlowDataAPI */,
				EDA0A41F2BBD7D07008D4D2B /* SurveyFlowDataAPI */,
				EDA0A4202BBD7D07008D4D2B /* TaskFlowDataAPI */,
			);
			path = API;
			sourceTree = "<group>";
		};
		EDA0A4252BBD7D07008D4D2B /* Implementation */ = {
			isa = PBXGroup;
			children = (
				EDA0A4222BBD7D07008D4D2B /* HomeFlowData */,
				EDA0A4232BBD7D07008D4D2B /* SurveyFlowData */,
				EDA0A4242BBD7D07008D4D2B /* TaskFlowData */,
			);
			path = Implementation;
			sourceTree = "<group>";
		};
		EDA0A4262BBD7D07008D4D2B /* Flows */ = {
			isa = PBXGroup;
			children = (
				EDA0A4212BBD7D07008D4D2B /* API */,
				EDA0A4252BBD7D07008D4D2B /* Implementation */,
			);
			name = Flows;
			path = Packages/Data/Flows;
			sourceTree = SOURCE_ROOT;
		};
		EDA0A4352BBD87FE008D4D2B /* Data */ = {
			isa = PBXGroup;
			children = (
				EDA0A4372BBD8826008D4D2B /* NetworkBoxRegistration.swift */,
				EDA0A43D2BBD88FB008D4D2B /* DatabaseBoxRegistration.swift */,
			);
			path = Data;
			sourceTree = "<group>";
		};
/* End PBXGroup section */

/* Begin PBXNativeTarget section */
		ED99AF652BBC4CA9002628F2 /* CleanArchitectureExperiment */ = {
			isa = PBXNativeTarget;
			buildConfigurationList = ED99AF742BBC4CAB002628F2 /* Build configuration list for PBXNativeTarget "CleanArchitectureExperiment" */;
			buildPhases = (
				ED99AF622BBC4CA9002628F2 /* Sources */,
				ED99AF632BBC4CA9002628F2 /* Frameworks */,
				ED99AF642BBC4CA9002628F2 /* Resources */,
			);
			buildRules = (
			);
			dependencies = (
			);
			name = CleanArchitectureExperiment;
			packageProductDependencies = (
				63A176362BC1F174008E54D7 /* AppFlow */,
				63A176382BC1F174008E54D7 /* CoreUI */,
				63A1763A2BC1F174008E54D7 /* DatabaseBox */,
				63A1763C2BC1F174008E54D7 /* DatabaseBoxAPI */,
				63A1763E2BC1F174008E54D7 /* HomeFlow */,
				63A176402BC1F174008E54D7 /* HomeFlowData */,
				63A176422BC1F174008E54D7 /* HomeFlowDataAPI */,
				63A176442BC1F174008E54D7 /* NetworkBox */,
				63A176462BC1F174008E54D7 /* NetworkBoxAPI */,
				63A176482BC1F174008E54D7 /* SurveyFlow */,
				63A1764A2BC1F174008E54D7 /* SurveyFlowData */,
				63A1764C2BC1F175008E54D7 /* SurveyFlowDataAPI */,
				63A1764E2BC1F175008E54D7 /* TaskFlow */,
				63A176502BC1F175008E54D7 /* TaskFlowData */,
				63A176522BC1F175008E54D7 /* TaskFlowDataAPI */,
			);
			productName = CleanArchitectureExperminet;
			productReference = ED99AF662BBC4CA9002628F2 /* CleanArchitectureExperiment.app */;
			productType = "com.apple.product-type.application";
		};
/* End PBXNativeTarget section */

/* Begin PBXProject section */
		ED99AF5E2BBC4CA9002628F2 /* Project object */ = {
			isa = PBXProject;
			attributes = {
				BuildIndependentTargetsInParallel = 1;
				LastSwiftUpdateCheck = 1530;
				LastUpgradeCheck = 1530;
				TargetAttributes = {
					ED99AF652BBC4CA9002628F2 = {
						CreatedOnToolsVersion = 15.3;
					};
				};
			};
			buildConfigurationList = ED99AF612BBC4CA9002628F2 /* Build configuration list for PBXProject "CleanArchitectureExperiment" */;
			compatibilityVersion = "Xcode 14.0";
			developmentRegion = en;
			hasScannedForEncodings = 0;
			knownRegions = (
				en,
				Base,
			);
			mainGroup = ED99AF5D2BBC4CA9002628F2;
			packageReferences = (
			);
			productRefGroup = ED99AF672BBC4CA9002628F2 /* Products */;
			projectDirPath = "";
			projectRoot = "";
			targets = (
				ED99AF652BBC4CA9002628F2 /* CleanArchitectureExperiment */,
			);
		};
/* End PBXProject section */

/* Begin PBXResourcesBuildPhase section */
		ED99AF642BBC4CA9002628F2 /* Resources */ = {
			isa = PBXResourcesBuildPhase;
			buildActionMask = 2147483647;
			files = (
				ED99AF712BBC4CAB002628F2 /* Preview Assets.xcassets in Resources */,
				ED99AF6E2BBC4CAB002628F2 /* Assets.xcassets in Resources */,
			);
			runOnlyForDeploymentPostprocessing = 0;
		};
/* End PBXResourcesBuildPhase section */

/* Begin PBXSourcesBuildPhase section */
		ED99AF622BBC4CA9002628F2 /* Sources */ = {
			isa = PBXSourcesBuildPhase;
			buildActionMask = 2147483647;
			files = (
				ED99AF782BBC4CE5002628F2 /* DependencyContainer.swift in Sources */,
				EDA0A43E2BBD88FB008D4D2B /* DatabaseBoxRegistration.swift in Sources */,
				ED49198B2BBCD3B7004F85E6 /* HomeFlowRegistration.swift in Sources */,
				ED99AF6A2BBC4CA9002628F2 /* CleanArchitectureExperimentApp.swift in Sources */,
				ED49198D2BBCD66E004F85E6 /* TaskFlowRegistration.swift in Sources */,
				ED49198F2BBCD873004F85E6 /* SurveyFlowRegistration.swift in Sources */,
				EDA0A4382BBD8826008D4D2B /* NetworkBoxRegistration.swift in Sources */,
			);
			runOnlyForDeploymentPostprocessing = 0;
		};
/* End PBXSourcesBuildPhase section */

/* Begin XCBuildConfiguration section */
		ED99AF722BBC4CAB002628F2 /* Debug */ = {
			isa = XCBuildConfiguration;
			buildSettings = {
				ALWAYS_SEARCH_USER_PATHS = NO;
				ASSETCATALOG_COMPILER_GENERATE_SWIFT_ASSET_SYMBOL_EXTENSIONS = YES;
				CLANG_ANALYZER_NONNULL = YES;
				CLANG_ANALYZER_NUMBER_OBJECT_CONVERSION = YES_AGGRESSIVE;
				CLANG_CXX_LANGUAGE_STANDARD = "gnu++20";
				CLANG_ENABLE_MODULES = YES;
				CLANG_ENABLE_OBJC_ARC = YES;
				CLANG_ENABLE_OBJC_WEAK = YES;
				CLANG_WARN_BLOCK_CAPTURE_AUTORELEASING = YES;
				CLANG_WARN_BOOL_CONVERSION = YES;
				CLANG_WARN_COMMA = YES;
				CLANG_WARN_CONSTANT_CONVERSION = YES;
				CLANG_WARN_DEPRECATED_OBJC_IMPLEMENTATIONS = YES;
				CLANG_WARN_DIRECT_OBJC_ISA_USAGE = YES_ERROR;
				CLANG_WARN_DOCUMENTATION_COMMENTS = YES;
				CLANG_WARN_EMPTY_BODY = YES;
				CLANG_WARN_ENUM_CONVERSION = YES;
				CLANG_WARN_INFINITE_RECURSION = YES;
				CLANG_WARN_INT_CONVERSION = YES;
				CLANG_WARN_NON_LITERAL_NULL_CONVERSION = YES;
				CLANG_WARN_OBJC_IMPLICIT_RETAIN_SELF = YES;
				CLANG_WARN_OBJC_LITERAL_CONVERSION = YES;
				CLANG_WARN_OBJC_ROOT_CLASS = YES_ERROR;
				CLANG_WARN_QUOTED_INCLUDE_IN_FRAMEWORK_HEADER = YES;
				CLANG_WARN_RANGE_LOOP_ANALYSIS = YES;
				CLANG_WARN_STRICT_PROTOTYPES = YES;
				CLANG_WARN_SUSPICIOUS_MOVE = YES;
				CLANG_WARN_UNGUARDED_AVAILABILITY = YES_AGGRESSIVE;
				CLANG_WARN_UNREACHABLE_CODE = YES;
				CLANG_WARN__DUPLICATE_METHOD_MATCH = YES;
				COPY_PHASE_STRIP = NO;
				DEBUG_INFORMATION_FORMAT = dwarf;
				ENABLE_STRICT_OBJC_MSGSEND = YES;
				ENABLE_TESTABILITY = YES;
				ENABLE_USER_SCRIPT_SANDBOXING = YES;
				GCC_C_LANGUAGE_STANDARD = gnu17;
				GCC_DYNAMIC_NO_PIC = NO;
				GCC_NO_COMMON_BLOCKS = YES;
				GCC_OPTIMIZATION_LEVEL = 0;
				GCC_PREPROCESSOR_DEFINITIONS = (
					"DEBUG=1",
					"$(inherited)",
				);
				GCC_WARN_64_TO_32_BIT_CONVERSION = YES;
				GCC_WARN_ABOUT_RETURN_TYPE = YES_ERROR;
				GCC_WARN_UNDECLARED_SELECTOR = YES;
				GCC_WARN_UNINITIALIZED_AUTOS = YES_AGGRESSIVE;
				GCC_WARN_UNUSED_FUNCTION = YES;
				GCC_WARN_UNUSED_VARIABLE = YES;
				IPHONEOS_DEPLOYMENT_TARGET = 17.4;
				LOCALIZATION_PREFERS_STRING_CATALOGS = YES;
				MTL_ENABLE_DEBUG_INFO = INCLUDE_SOURCE;
				MTL_FAST_MATH = YES;
				ONLY_ACTIVE_ARCH = YES;
				SDKROOT = iphoneos;
				SWIFT_ACTIVE_COMPILATION_CONDITIONS = "DEBUG $(inherited)";
				SWIFT_OPTIMIZATION_LEVEL = "-Onone";
			};
			name = Debug;
		};
		ED99AF732BBC4CAB002628F2 /* Release */ = {
			isa = XCBuildConfiguration;
			buildSettings = {
				ALWAYS_SEARCH_USER_PATHS = NO;
				ASSETCATALOG_COMPILER_GENERATE_SWIFT_ASSET_SYMBOL_EXTENSIONS = YES;
				CLANG_ANALYZER_NONNULL = YES;
				CLANG_ANALYZER_NUMBER_OBJECT_CONVERSION = YES_AGGRESSIVE;
				CLANG_CXX_LANGUAGE_STANDARD = "gnu++20";
				CLANG_ENABLE_MODULES = YES;
				CLANG_ENABLE_OBJC_ARC = YES;
				CLANG_ENABLE_OBJC_WEAK = YES;
				CLANG_WARN_BLOCK_CAPTURE_AUTORELEASING = YES;
				CLANG_WARN_BOOL_CONVERSION = YES;
				CLANG_WARN_COMMA = YES;
				CLANG_WARN_CONSTANT_CONVERSION = YES;
				CLANG_WARN_DEPRECATED_OBJC_IMPLEMENTATIONS = YES;
				CLANG_WARN_DIRECT_OBJC_ISA_USAGE = YES_ERROR;
				CLANG_WARN_DOCUMENTATION_COMMENTS = YES;
				CLANG_WARN_EMPTY_BODY = YES;
				CLANG_WARN_ENUM_CONVERSION = YES;
				CLANG_WARN_INFINITE_RECURSION = YES;
				CLANG_WARN_INT_CONVERSION = YES;
				CLANG_WARN_NON_LITERAL_NULL_CONVERSION = YES;
				CLANG_WARN_OBJC_IMPLICIT_RETAIN_SELF = YES;
				CLANG_WARN_OBJC_LITERAL_CONVERSION = YES;
				CLANG_WARN_OBJC_ROOT_CLASS = YES_ERROR;
				CLANG_WARN_QUOTED_INCLUDE_IN_FRAMEWORK_HEADER = YES;
				CLANG_WARN_RANGE_LOOP_ANALYSIS = YES;
				CLANG_WARN_STRICT_PROTOTYPES = YES;
				CLANG_WARN_SUSPICIOUS_MOVE = YES;
				CLANG_WARN_UNGUARDED_AVAILABILITY = YES_AGGRESSIVE;
				CLANG_WARN_UNREACHABLE_CODE = YES;
				CLANG_WARN__DUPLICATE_METHOD_MATCH = YES;
				COPY_PHASE_STRIP = NO;
				DEBUG_INFORMATION_FORMAT = "dwarf-with-dsym";
				ENABLE_NS_ASSERTIONS = NO;
				ENABLE_STRICT_OBJC_MSGSEND = YES;
				ENABLE_USER_SCRIPT_SANDBOXING = YES;
				GCC_C_LANGUAGE_STANDARD = gnu17;
				GCC_NO_COMMON_BLOCKS = YES;
				GCC_WARN_64_TO_32_BIT_CONVERSION = YES;
				GCC_WARN_ABOUT_RETURN_TYPE = YES_ERROR;
				GCC_WARN_UNDECLARED_SELECTOR = YES;
				GCC_WARN_UNINITIALIZED_AUTOS = YES_AGGRESSIVE;
				GCC_WARN_UNUSED_FUNCTION = YES;
				GCC_WARN_UNUSED_VARIABLE = YES;
				IPHONEOS_DEPLOYMENT_TARGET = 17.4;
				LOCALIZATION_PREFERS_STRING_CATALOGS = YES;
				MTL_ENABLE_DEBUG_INFO = NO;
				MTL_FAST_MATH = YES;
				SDKROOT = iphoneos;
				SWIFT_COMPILATION_MODE = wholemodule;
				VALIDATE_PRODUCT = YES;
			};
			name = Release;
		};
		ED99AF752BBC4CAB002628F2 /* Debug */ = {
			isa = XCBuildConfiguration;
			buildSettings = {
				ASSETCATALOG_COMPILER_APPICON_NAME = AppIcon;
				ASSETCATALOG_COMPILER_GLOBAL_ACCENT_COLOR_NAME = AccentColor;
				CODE_SIGN_STYLE = Automatic;
				CURRENT_PROJECT_VERSION = 1;
				DEVELOPMENT_ASSET_PATHS = "\"CleanArchitectureExperiment/Preview Content\"";
				DEVELOPMENT_TEAM = 84589GUPV6;
				ENABLE_PREVIEWS = YES;
				GENERATE_INFOPLIST_FILE = YES;
				INFOPLIST_FILE = CleanArchitectureExperiment/Info.plist;
				INFOPLIST_KEY_UIApplicationSceneManifest_Generation = YES;
				INFOPLIST_KEY_UIApplicationSupportsIndirectInputEvents = YES;
				INFOPLIST_KEY_UILaunchScreen_Generation = YES;
				INFOPLIST_KEY_UISupportedInterfaceOrientations_iPad = "UIInterfaceOrientationPortrait UIInterfaceOrientationPortraitUpsideDown UIInterfaceOrientationLandscapeLeft UIInterfaceOrientationLandscapeRight";
				INFOPLIST_KEY_UISupportedInterfaceOrientations_iPhone = "UIInterfaceOrientationPortrait UIInterfaceOrientationLandscapeLeft UIInterfaceOrientationLandscapeRight";
				LD_RUNPATH_SEARCH_PATHS = (
					"$(inherited)",
					"@executable_path/Frameworks",
				);
				MARKETING_VERSION = 1.0;
				PRODUCT_BUNDLE_IDENTIFIER = erikgolovin.CleanArchitectureExperminet;
				PRODUCT_NAME = "$(TARGET_NAME)";
				SWIFT_EMIT_LOC_STRINGS = YES;
				SWIFT_VERSION = 5.0;
				TARGETED_DEVICE_FAMILY = "1,2";
			};
			name = Debug;
		};
		ED99AF762BBC4CAB002628F2 /* Release */ = {
			isa = XCBuildConfiguration;
			buildSettings = {
				ASSETCATALOG_COMPILER_APPICON_NAME = AppIcon;
				ASSETCATALOG_COMPILER_GLOBAL_ACCENT_COLOR_NAME = AccentColor;
				CODE_SIGN_STYLE = Automatic;
				CURRENT_PROJECT_VERSION = 1;
				DEVELOPMENT_ASSET_PATHS = "\"CleanArchitectureExperiment/Preview Content\"";
				DEVELOPMENT_TEAM = 84589GUPV6;
				ENABLE_PREVIEWS = YES;
				GENERATE_INFOPLIST_FILE = YES;
				INFOPLIST_FILE = CleanArchitectureExperiment/Info.plist;
				INFOPLIST_KEY_UIApplicationSceneManifest_Generation = YES;
				INFOPLIST_KEY_UIApplicationSupportsIndirectInputEvents = YES;
				INFOPLIST_KEY_UILaunchScreen_Generation = YES;
				INFOPLIST_KEY_UISupportedInterfaceOrientations_iPad = "UIInterfaceOrientationPortrait UIInterfaceOrientationPortraitUpsideDown UIInterfaceOrientationLandscapeLeft UIInterfaceOrientationLandscapeRight";
				INFOPLIST_KEY_UISupportedInterfaceOrientations_iPhone = "UIInterfaceOrientationPortrait UIInterfaceOrientationLandscapeLeft UIInterfaceOrientationLandscapeRight";
				LD_RUNPATH_SEARCH_PATHS = (
					"$(inherited)",
					"@executable_path/Frameworks",
				);
				MARKETING_VERSION = 1.0;
				PRODUCT_BUNDLE_IDENTIFIER = erikgolovin.CleanArchitectureExperminet;
				PRODUCT_NAME = "$(TARGET_NAME)";
				SWIFT_EMIT_LOC_STRINGS = YES;
				SWIFT_VERSION = 5.0;
				TARGETED_DEVICE_FAMILY = "1,2";
			};
			name = Release;
		};
/* End XCBuildConfiguration section */

/* Begin XCConfigurationList section */
		ED99AF612BBC4CA9002628F2 /* Build configuration list for PBXProject "CleanArchitectureExperiment" */ = {
			isa = XCConfigurationList;
			buildConfigurations = (
				ED99AF722BBC4CAB002628F2 /* Debug */,
				ED99AF732BBC4CAB002628F2 /* Release */,
			);
			defaultConfigurationIsVisible = 0;
			defaultConfigurationName = Release;
		};
		ED99AF742BBC4CAB002628F2 /* Build configuration list for PBXNativeTarget "CleanArchitectureExperiment" */ = {
			isa = XCConfigurationList;
			buildConfigurations = (
				ED99AF752BBC4CAB002628F2 /* Debug */,
				ED99AF762BBC4CAB002628F2 /* Release */,
			);
			defaultConfigurationIsVisible = 0;
			defaultConfigurationName = Release;
		};
/* End XCConfigurationList section */

/* Begin XCSwiftPackageProductDependency section */
		63A176362BC1F174008E54D7 /* AppFlow */ = {
			isa = XCSwiftPackageProductDependency;
			productName = AppFlow;
		};
		63A176382BC1F174008E54D7 /* CoreUI */ = {
			isa = XCSwiftPackageProductDependency;
			productName = CoreUI;
		};
		63A1763A2BC1F174008E54D7 /* DatabaseBox */ = {
			isa = XCSwiftPackageProductDependency;
			productName = DatabaseBox;
		};
		63A1763C2BC1F174008E54D7 /* DatabaseBoxAPI */ = {
			isa = XCSwiftPackageProductDependency;
			productName = DatabaseBoxAPI;
		};
		63A1763E2BC1F174008E54D7 /* HomeFlow */ = {
			isa = XCSwiftPackageProductDependency;
			productName = HomeFlow;
		};
		63A176402BC1F174008E54D7 /* HomeFlowData */ = {
			isa = XCSwiftPackageProductDependency;
			productName = HomeFlowData;
		};
		63A176422BC1F174008E54D7 /* HomeFlowDataAPI */ = {
			isa = XCSwiftPackageProductDependency;
			productName = HomeFlowDataAPI;
		};
		63A176442BC1F174008E54D7 /* NetworkBox */ = {
			isa = XCSwiftPackageProductDependency;
			productName = NetworkBox;
		};
		63A176462BC1F174008E54D7 /* NetworkBoxAPI */ = {
			isa = XCSwiftPackageProductDependency;
			productName = NetworkBoxAPI;
		};
		63A176482BC1F174008E54D7 /* SurveyFlow */ = {
			isa = XCSwiftPackageProductDependency;
			productName = SurveyFlow;
		};
		63A1764A2BC1F174008E54D7 /* SurveyFlowData */ = {
			isa = XCSwiftPackageProductDependency;
			productName = SurveyFlowData;
		};
		63A1764C2BC1F175008E54D7 /* SurveyFlowDataAPI */ = {
			isa = XCSwiftPackageProductDependency;
			productName = SurveyFlowDataAPI;
		};
		63A1764E2BC1F175008E54D7 /* TaskFlow */ = {
			isa = XCSwiftPackageProductDependency;
			productName = TaskFlow;
		};
		63A176502BC1F175008E54D7 /* TaskFlowData */ = {
			isa = XCSwiftPackageProductDependency;
			productName = TaskFlowData;
		};
		63A176522BC1F175008E54D7 /* TaskFlowDataAPI */ = {
			isa = XCSwiftPackageProductDependency;
			productName = TaskFlowDataAPI;
		};
/* End XCSwiftPackageProductDependency section */
	};
	rootObject = ED99AF5E2BBC4CA9002628F2 /* Project object */;
}
